
Microsoft Visual Studio Solution File, Format Version 12.00
# Visual Studio Version 16
VisualStudioVersion = 16.0.31729.503
MinimumVisualStudioVersion = 10.0.40219.1
Project("{FAE04EC0-301F-11D3-BF4B-00C04F79EFBC}") = "QR_Presence.UWP", "QR_Presence.UWP\QR_Presence.UWP.csproj", "{44BCC768-591F-4F1A-BDC1-BD757321C931}"
EndProject
Project("{FAE04EC0-301F-11D3-BF4B-00C04F79EFBC}") = "QR_Presence.Android", "QR_Presence.Android\QR_Presence.Android.csproj", "{CD4B4803-CBF5-4BA3-964F-7969EB869DFE}"
EndProject
Project("{FAE04EC0-301F-11D3-BF4B-00C04F79EFBC}") = "QR_Presence.iOS", "QR_Presence.iOS\QR_Presence.iOS.csproj", "{B6BBE6BB-FAE5-4D4E-BE5B-1CEECB88E1E8}"
EndProject
Project("{FAE04EC0-301F-11D3-BF4B-00C04F79EFBC}") = "QR_Presence", "QR_Presence\QR_Presence.csproj", "{C452FFD7-B3F5-42BC-95C1-E5B2329D1460}"
EndProject
Global
	GlobalSection(SolutionConfigurationPlatforms) = preSolution
		Debug|Any CPU = Debug|Any CPU
		Debug|ARM = Debug|ARM
		Debug|iPhone = Debug|iPhone
		Debug|iPhoneSimulator = Debug|iPhoneSimulator
		Debug|x64 = Debug|x64
		Debug|x86 = Debug|x86
		Release|Any CPU = Release|Any CPU
		Release|ARM = Release|ARM
		Release|iPhone = Release|iPhone
		Release|iPhoneSimulator = Release|iPhoneSimulator
		Release|x64 = Release|x64
		Release|x86 = Release|x86
	EndGlobalSection
	GlobalSection(ProjectConfigurationPlatforms) = postSolution
		{44BCC768-591F-4F1A-BDC1-BD757321C931}.Debug|Any CPU.ActiveCfg = Debug|x86
		{44BCC768-591F-4F1A-BDC1-BD757321C931}.Debug|Any CPU.Build.0 = Debug|x86
		{44BCC768-591F-4F1A-BDC1-BD757321C931}.Debug|Any CPU.Deploy.0 = Debug|x86
		{44BCC768-591F-4F1A-BDC1-BD757321C931}.Debug|ARM.ActiveCfg = Debug|ARM
		{44BCC768-591F-4F1A-BDC1-BD757321C931}.Debug|ARM.Build.0 = Debug|ARM
		{44BCC768-591F-4F1A-BDC1-BD757321C931}.Debug|ARM.Deploy.0 = Debug|ARM
		{44BCC768-591F-4F1A-BDC1-BD757321C931}.Debug|iPhone.ActiveCfg = Debug|x86
		{44BCC768-591F-4F1A-BDC1-BD757321C931}.Debug|iPhone.Build.0 = Debug|x86
		{44BCC768-591F-4F1A-BDC1-BD757321C931}.Debug|iPhone.Deploy.0 = Debug|x86
		{44BCC768-591F-4F1A-BDC1-BD757321C931}.Debug|iPhoneSimulator.ActiveCfg = Debug|x86
		{44BCC768-591F-4F1A-BDC1-BD757321C931}.Debug|iPhoneSimulator.Build.0 = Debug|x86
		{44BCC768-591F-4F1A-BDC1-BD757321C931}.Debug|iPhoneSimulator.Deploy.0 = Debug|x86
		{44BCC768-591F-4F1A-BDC1-BD757321C931}.Debug|x64.ActiveCfg = Debug|x64
		{44BCC768-591F-4F1A-BDC1-BD757321C931}.Debug|x64.Build.0 = Debug|x64
		{44BCC768-591F-4F1A-BDC1-BD757321C931}.Debug|x64.Deploy.0 = Debug|x64
		{44BCC768-591F-4F1A-BDC1-BD757321C931}.Debug|x86.ActiveCfg = Debug|x86
		{44BCC768-591F-4F1A-BDC1-BD757321C931}.Debug|x86.Build.0 = Debug|x86
		{44BCC768-591F-4F1A-BDC1-BD757321C931}.Debug|x86.Deploy.0 = Debug|x86
		{44BCC768-591F-4F1A-BDC1-BD757321C931}.Release|Any CPU.ActiveCfg = Release|x86
		{44BCC768-591F-4F1A-BDC1-BD757321C931}.Release|Any CPU.Build.0 = Release|x86
		{44BCC768-591F-4F1A-BDC1-BD757321C931}.Release|Any CPU.Deploy.0 = Release|x86
		{44BCC768-591F-4F1A-BDC1-BD757321C931}.Release|ARM.ActiveCfg = Release|ARM
		{44BCC768-591F-4F1A-BDC1-BD757321C931}.Release|ARM.Build.0 = Release|ARM
		{44BCC768-591F-4F1A-BDC1-BD757321C931}.Release|ARM.Deploy.0 = Release|ARM
		{44BCC768-591F-4F1A-BDC1-BD757321C931}.Release|iPhone.ActiveCfg = Release|x86
		{44BCC768-591F-4F1A-BDC1-BD757321C931}.Release|iPhone.Build.0 = Release|x86
		{44BCC768-591F-4F1A-BDC1-BD757321C931}.Release|iPhone.Deploy.0 = Release|x86
		{44BCC768-591F-4F1A-BDC1-BD757321C931}.Release|iPhoneSimulator.ActiveCfg = Release|x86
		{44BCC768-591F-4F1A-BDC1-BD757321C931}.Release|iPhoneSimulator.Build.0 = Release|x86
		{44BCC768-591F-4F1A-BDC1-BD757321C931}.Release|iPhoneSimulator.Deploy.0 = Release|x86
		{44BCC768-591F-4F1A-BDC1-BD757321C931}.Release|x64.ActiveCfg = Release|x64
		{44BCC768-591F-4F1A-BDC1-BD757321C931}.Release|x64.Build.0 = Release|x64
		{44BCC768-591F-4F1A-BDC1-BD757321C931}.Release|x64.Deploy.0 = Release|x64
		{44BCC768-591F-4F1A-BDC1-BD757321C931}.Release|x86.ActiveCfg = Release|x86
		{44BCC768-591F-4F1A-BDC1-BD757321C931}.Release|x86.Build.0 = Release|x86
		{44BCC768-591F-4F1A-BDC1-BD757321C931}.Release|x86.Deploy.0 = Release|x86
		{CD4B4803-CBF5-4BA3-964F-7969EB869DFE}.Debug|Any CPU.ActiveCfg = Debug|Any CPU
		{CD4B4803-CBF5-4BA3-964F-7969EB869DFE}.Debug|Any CPU.Build.0 = Debug|Any CPU
		{CD4B4803-CBF5-4BA3-964F-7969EB869DFE}.Debug|Any CPU.Deploy.0 = Debug|Any CPU
		{CD4B4803-CBF5-4BA3-964F-7969EB869DFE}.Debug|ARM.ActiveCfg = Debug|Any CPU
		{CD4B4803-CBF5-4BA3-964F-7969EB869DFE}.Debug|ARM.Build.0 = Debug|Any CPU
		{CD4B4803-CBF5-4BA3-964F-7969EB869DFE}.Debug|ARM.Deploy.0 = Debug|Any CPU
		{CD4B4803-CBF5-4BA3-964F-7969EB869DFE}.Debug|iPhone.ActiveCfg = Debug|Any CPU
		{CD4B4803-CBF5-4BA3-964F-7969EB869DFE}.Debug|iPhone.Build.0 = Debug|Any CPU
		{CD4B4803-CBF5-4BA3-964F-7969EB869DFE}.Debug|iPhone.Deploy.0 = Debug|Any CPU
		{CD4B4803-CBF5-4BA3-964F-7969EB869DFE}.Debug|iPhoneSimulator.ActiveCfg = Debug|Any CPU
		{CD4B4803-CBF5-4BA3-964F-7969EB869DFE}.Debug|iPhoneSimulator.Build.0 = Debug|Any CPU
		{CD4B4803-CBF5-4BA3-964F-7969EB869DFE}.Debug|iPhoneSimulator.Deploy.0 = Debug|Any CPU
		{CD4B4803-CBF5-4BA3-964F-7969EB869DFE}.Debug|x64.ActiveCfg = Debug|Any CPU
		{CD4B4803-CBF5-4BA3-964F-7969EB869DFE}.Debug|x64.Build.0 = Debug|Any CPU
		{CD4B4803-CBF5-4BA3-964F-7969EB869DFE}.Debug|x64.Deploy.0 = Debug|Any CPU
		{CD4B4803-CBF5-4BA3-964F-7969EB869DFE}.Debug|x86.ActiveCfg = Debug|Any CPU
		{CD4B4803-CBF5-4BA3-964F-7969EB869DFE}.Debug|x86.Build.0 = Debug|Any CPU
		{CD4B4803-CBF5-4BA3-964F-7969EB869DFE}.Debug|x86.Deploy.0 = Debug|Any CPU
		{CD4B4803-CBF5-4BA3-964F-7969EB869DFE}.Release|Any CPU.ActiveCfg = Release|Any CPU
		{CD4B4803-CBF5-4BA3-964F-7969EB869DFE}.Release|Any CPU.Build.0 = Release|Any CPU
		{CD4B4803-CBF5-4BA3-964F-7969EB869DFE}.Release|Any CPU.Deploy.0 = Release|Any CPU
		{CD4B4803-CBF5-4BA3-964F-7969EB869DFE}.Release|ARM.ActiveCfg = Release|Any CPU
		{CD4B4803-CBF5-4BA3-964F-7969EB869DFE}.Release|ARM.Build.0 = Release|Any CPU
		{CD4B4803-CBF5-4BA3-964F-7969EB869DFE}.Release|ARM.Deploy.0 = Release|Any CPU
		{CD4B4803-CBF5-4BA3-964F-7969EB869DFE}.Release|iPhone.ActiveCfg = Release|Any CPU
		{CD4B4803-CBF5-4BA3-964F-7969EB869DFE}.Release|iPhone.Build.0 = Release|Any CPU
		{CD4B4803-CBF5-4BA3-964F-7969EB869DFE}.Release|iPhone.Deploy.0 = Release|Any CPU
		{CD4B4803-CBF5-4BA3-964F-7969EB869DFE}.Release|iPhoneSimulator.ActiveCfg = Release|Any CPU
		{CD4B4803-CBF5-4BA3-964F-7969EB869DFE}.Release|iPhoneSimulator.Build.0 = Release|Any CPU
		{CD4B4803-CBF5-4BA3-964F-7969EB869DFE}.Release|iPhoneSimulator.Deploy.0 = Release|Any CPU
		{CD4B4803-CBF5-4BA3-964F-7969EB869DFE}.Release|x64.ActiveCfg = Release|Any CPU
		{CD4B4803-CBF5-4BA3-964F-7969EB869DFE}.Release|x64.Build.0 = Release|Any CPU
		{CD4B4803-CBF5-4BA3-964F-7969EB869DFE}.Release|x64.Deploy.0 = Release|Any CPU
		{CD4B4803-CBF5-4BA3-964F-7969EB869DFE}.Release|x86.ActiveCfg = Release|Any CPU
		{CD4B4803-CBF5-4BA3-964F-7969EB869DFE}.Release|x86.Build.0 = Release|Any CPU
		{CD4B4803-CBF5-4BA3-964F-7969EB869DFE}.Release|x86.Deploy.0 = Release|Any CPU
		{B6BBE6BB-FAE5-4D4E-BE5B-1CEECB88E1E8}.Debug|Any CPU.ActiveCfg = Debug|iPhoneSimulator
		{B6BBE6BB-FAE5-4D4E-BE5B-1CEECB88E1E8}.Debug|Any CPU.Build.0 = Debug|iPhoneSimulator
		{B6BBE6BB-FAE5-4D4E-BE5B-1CEECB88E1E8}.Debug|Any CPU.Deploy.0 = Debug|iPhoneSimulator
		{B6BBE6BB-FAE5-4D4E-BE5B-1CEECB88E1E8}.Debug|ARM.ActiveCfg = Debug|iPhone
		{B6BBE6BB-FAE5-4D4E-BE5B-1CEECB88E1E8}.Debug|ARM.Build.0 = Debug|iPhone
		{B6BBE6BB-FAE5-4D4E-BE5B-1CEECB88E1E8}.Debug|ARM.Deploy.0 = Debug|iPhone
		{B6BBE6BB-FAE5-4D4E-BE5B-1CEECB88E1E8}.Debug|iPhone.ActiveCfg = Debug|iPhone
		{B6BBE6BB-FAE5-4D4E-BE5B-1CEECB88E1E8}.Debug|iPhone.Build.0 = Debug|iPhone
		{B6BBE6BB-FAE5-4D4E-BE5B-1CEECB88E1E8}.Debug|iPhone.Deploy.0 = Debug|iPhone
		{B6BBE6BB-FAE5-4D4E-BE5B-1CEECB88E1E8}.Debug|iPhoneSimulator.ActiveCfg = Debug|iPhoneSimulator
		{B6BBE6BB-FAE5-4D4E-BE5B-1CEECB88E1E8}.Debug|iPhoneSimulator.Build.0 = Debug|iPhoneSimulator
		{B6BBE6BB-FAE5-4D4E-BE5B-1CEECB88E1E8}.Debug|iPhoneSimulator.Deploy.0 = Debug|iPhoneSimulator
		{B6BBE6BB-FAE5-4D4E-BE5B-1CEECB88E1E8}.Debug|x64.ActiveCfg = Debug|iPhoneSimulator
		{B6BBE6BB-FAE5-4D4E-BE5B-1CEECB88E1E8}.Debug|x64.Build.0 = Debug|iPhoneSimulator
		{B6BBE6BB-FAE5-4D4E-BE5B-1CEECB88E1E8}.Debug|x64.Deploy.0 = Debug|iPhoneSimulator
		{B6BBE6BB-FAE5-4D4E-BE5B-1CEECB88E1E8}.Debug|x86.ActiveCfg = Debug|iPhoneSimulator
		{B6BBE6BB-FAE5-4D4E-BE5B-1CEECB88E1E8}.Debug|x86.Build.0 = Debug|iPhoneSimulator
		{B6BBE6BB-FAE5-4D4E-BE5B-1CEECB88E1E8}.Debug|x86.Deploy.0 = Debug|iPhoneSimulator
		{B6BBE6BB-FAE5-4D4E-BE5B-1CEECB88E1E8}.Release|Any CPU.ActiveCfg = Release|iPhoneSimulator
		{B6BBE6BB-FAE5-4D4E-BE5B-1CEECB88E1E8}.Release|Any CPU.Build.0 = Release|iPhoneSimulator
		{B6BBE6BB-FAE5-4D4E-BE5B-1CEECB88E1E8}.Release|Any CPU.Deploy.0 = Release|iPhoneSimulator
		{B6BBE6BB-FAE5-4D4E-BE5B-1CEECB88E1E8}.Release|ARM.ActiveCfg = Release|iPhoneSimulator
		{B6BBE6BB-FAE5-4D4E-BE5B-1CEECB88E1E8}.Release|ARM.Build.0 = Release|iPhoneSimulator
		{B6BBE6BB-FAE5-4D4E-BE5B-1CEECB88E1E8}.Release|ARM.Deploy.0 = Release|iPhoneSimulator
		{B6BBE6BB-FAE5-4D4E-BE5B-1CEECB88E1E8}.Release|iPhone.ActiveCfg = Release|iPhone
		{B6BBE6BB-FAE5-4D4E-BE5B-1CEECB88E1E8}.Release|iPhone.Build.0 = Release|iPhone
		{B6BBE6BB-FAE5-4D4E-BE5B-1CEECB88E1E8}.Release|iPhone.Deploy.0 = Release|iPhone
		{B6BBE6BB-FAE5-4D4E-BE5B-1CEECB88E1E8}.Release|iPhoneSimulator.ActiveCfg = Release|iPhoneSimulator
		{B6BBE6BB-FAE5-4D4E-BE5B-1CEECB88E1E8}.Release|iPhoneSimulator.Build.0 = Release|iPhoneSimulator
		{B6BBE6BB-FAE5-4D4E-BE5B-1CEECB88E1E8}.Release|iPhoneSimulator.Deploy.0 = Release|iPhoneSimulator
		{B6BBE6BB-FAE5-4D4E-BE5B-1CEECB88E1E8}.Release|x64.ActiveCfg = Release|iPhoneSimulator
		{B6BBE6BB-FAE5-4D4E-BE5B-1CEECB88E1E8}.Release|x64.Build.0 = Release|iPhoneSimulator
		{B6BBE6BB-FAE5-4D4E-BE5B-1CEECB88E1E8}.Release|x64.Deploy.0 = Release|iPhoneSimulator
		{B6BBE6BB-FAE5-4D4E-BE5B-1CEECB88E1E8}.Release|x86.ActiveCfg = Release|iPhoneSimulator
		{B6BBE6BB-FAE5-4D4E-BE5B-1CEECB88E1E8}.Release|x86.Build.0 = Release|iPhoneSimulator
		{B6BBE6BB-FAE5-4D4E-BE5B-1CEECB88E1E8}.Release|x86.Deploy.0 = Release|iPhoneSimulator
		{C452FFD7-B3F5-42BC-95C1-E5B2329D1460}.Debug|Any CPU.ActiveCfg = Debug|Any CPU
		{C452FFD7-B3F5-42BC-95C1-E5B2329D1460}.Debug|Any CPU.Build.0 = Debug|Any CPU
		{C452FFD7-B3F5-42BC-95C1-E5B2329D1460}.Debug|Any CPU.Deploy.0 = Debug|Any CPU
		{C452FFD7-B3F5-42BC-95C1-E5B2329D1460}.Debug|ARM.ActiveCfg = Debug|Any CPU
		{C452FFD7-B3F5-42BC-95C1-E5B2329D1460}.Debug|ARM.Build.0 = Debug|Any CPU
		{C452FFD7-B3F5-42BC-95C1-E5B2329D1460}.Debug|ARM.Deploy.0 = Debug|Any CPU
		{C452FFD7-B3F5-42BC-95C1-E5B2329D1460}.Debug|iPhone.ActiveCfg = Debug|Any CPU
		{C452FFD7-B3F5-42BC-95C1-E5B2329D1460}.Debug|iPhone.Build.0 = Debug|Any CPU
		{C452FFD7-B3F5-42BC-95C1-E5B2329D1460}.Debug|iPhone.Deploy.0 = Debug|Any CPU
		{C452FFD7-B3F5-42BC-95C1-E5B2329D1460}.Debug|iPhoneSimulator.ActiveCfg = Debug|Any CPU
		{C452FFD7-B3F5-42BC-95C1-E5B2329D1460}.Debug|iPhoneSimulator.Build.0 = Debug|Any CPU
		{C452FFD7-B3F5-42BC-95C1-E5B2329D1460}.Debug|iPhoneSimulator.Deploy.0 = Debug|Any CPU
		{C452FFD7-B3F5-42BC-95C1-E5B2329D1460}.Debug|x64.ActiveCfg = Debug|Any CPU
		{C452FFD7-B3F5-42BC-95C1-E5B2329D1460}.Debug|x64.Build.0 = Debug|Any CPU
		{C452FFD7-B3F5-42BC-95C1-E5B2329D1460}.Debug|x64.Deploy.0 = Debug|Any CPU
		{C452FFD7-B3F5-42BC-95C1-E5B2329D1460}.Debug|x86.ActiveCfg = Debug|Any CPU
		{C452FFD7-B3F5-42BC-95C1-E5B2329D1460}.Debug|x86.Build.0 = Debug|Any CPU
		{C452FFD7-B3F5-42BC-95C1-E5B2329D1460}.Debug|x86.Deploy.0 = Debug|Any CPU
		{C452FFD7-B3F5-42BC-95C1-E5B2329D1460}.Release|Any CPU.ActiveCfg = Release|Any CPU
		{C452FFD7-B3F5-42BC-95C1-E5B2329D1460}.Release|Any CPU.Build.0 = Release|Any CPU
		{C452FFD7-B3F5-42BC-95C1-E5B2329D1460}.Release|Any CPU.Deploy.0 = Release|Any CPU
		{C452FFD7-B3F5-42BC-95C1-E5B2329D1460}.Release|ARM.ActiveCfg = Release|Any CPU
		{C452FFD7-B3F5-42BC-95C1-E5B2329D1460}.Release|ARM.Build.0 = Release|Any CPU
		{C452FFD7-B3F5-42BC-95C1-E5B2329D1460}.Release|ARM.Deploy.0 = Release|Any CPU
		{C452FFD7-B3F5-42BC-95C1-E5B2329D1460}.Release|iPhone.ActiveCfg = Release|Any CPU
		{C452FFD7-B3F5-42BC-95C1-E5B2329D1460}.Release|iPhone.Build.0 = Release|Any CPU
		{C452FFD7-B3F5-42BC-95C1-E5B2329D1460}.Release|iPhone.Deploy.0 = Release|Any CPU
		{C452FFD7-B3F5-42BC-95C1-E5B2329D1460}.Release|iPhoneSimulator.ActiveCfg = Release|Any CPU
		{C452FFD7-B3F5-42BC-95C1-E5B2329D1460}.Release|iPhoneSimulator.Build.0 = Release|Any CPU
		{C452FFD7-B3F5-42BC-95C1-E5B2329D1460}.Release|iPhoneSimulator.Deploy.0 = Release|Any CPU
		{C452FFD7-B3F5-42BC-95C1-E5B2329D1460}.Release|x64.ActiveCfg = Release|Any CPU
		{C452FFD7-B3F5-42BC-95C1-E5B2329D1460}.Release|x64.Build.0 = Release|Any CPU
		{C452FFD7-B3F5-42BC-95C1-E5B2329D1460}.Release|x64.Deploy.0 = Release|Any CPU
		{C452FFD7-B3F5-42BC-95C1-E5B2329D1460}.Release|x86.ActiveCfg = Release|Any CPU
		{C452FFD7-B3F5-42BC-95C1-E5B2329D1460}.Release|x86.Build.0 = Release|Any CPU
		{C452FFD7-B3F5-42BC-95C1-E5B2329D1460}.Release|x86.Deploy.0 = Release|Any CPU
	EndGlobalSection
	GlobalSection(SolutionProperties) = preSolution
		HideSolutionNode = FALSE
	EndGlobalSection
	GlobalSection(ExtensibilityGlobals) = postSolution
		SolutionGuid = {EA97AFDE-9414-4EBB-B691-E3B5614D84D0}
	EndGlobalSection
EndGlobal
